
Microsoft Visual Studio Solution File, Format Version 12.00
# Visual Studio Version 17
VisualStudioVersion = 17.0.32112.339
MinimumVisualStudioVersion = 10.0.40219.1
Project("{9A19103F-16F7-4668-BE54-9A1E7A4F7556}") = "RichCanvas", "RichCanvas\RichCanvas.csproj", "{490C2A94-4C73-4B94-A041-080A41664E3E}"
EndProject
Project("{2150E333-8FDC-42A3-9474-1A3956D46DE8}") = "Solution Items", "Solution Items", "{C56E328F-8421-4181-8939-84145786A5C4}"
	ProjectSection(SolutionItems) = preProject
		.editorconfig = .editorconfig
	EndProjectSection
EndProject
Project("{9A19103F-16F7-4668-BE54-9A1E7A4F7556}") = "RichCanvas.UITests", "RichCanvas.UITests\RichCanvas.UITests.csproj", "{4079FDEA-BBF1-4E10-9AAB-EF253FB2D885}"
EndProject
Project("{9A19103F-16F7-4668-BE54-9A1E7A4F7556}") = "RichCanvasTestApp", "RichCanvasTestApp\RichCanvasTestApp.csproj", "{51D16771-8A66-4647-BB0A-539B64050C2E}"
EndProject
Project("{FAE04EC0-301F-11D3-BF4B-00C04F79EFBC}") = "RichCanvasUITests.App", "RichCanvasUITests.App\RichCanvasUITests.App.csproj", "{AEFA33F4-C688-4E12-B9D7-04FE100E5CF3}"
EndProject
Global
	GlobalSection(SolutionConfigurationPlatforms) = preSolution
		Debug|Any CPU = Debug|Any CPU
		Release|Any CPU = Release|Any CPU
	EndGlobalSection
	GlobalSection(ProjectConfigurationPlatforms) = postSolution
		{490C2A94-4C73-4B94-A041-080A41664E3E}.Debug|Any CPU.ActiveCfg = Debug|Any CPU
		{490C2A94-4C73-4B94-A041-080A41664E3E}.Debug|Any CPU.Build.0 = Debug|Any CPU
		{490C2A94-4C73-4B94-A041-080A41664E3E}.Release|Any CPU.ActiveCfg = Release|Any CPU
		{490C2A94-4C73-4B94-A041-080A41664E3E}.Release|Any CPU.Build.0 = Release|Any CPU
		{4079FDEA-BBF1-4E10-9AAB-EF253FB2D885}.Debug|Any CPU.ActiveCfg = Debug|Any CPU
		{4079FDEA-BBF1-4E10-9AAB-EF253FB2D885}.Debug|Any CPU.Build.0 = Debug|Any CPU
		{4079FDEA-BBF1-4E10-9AAB-EF253FB2D885}.Release|Any CPU.ActiveCfg = Release|Any CPU
		{4079FDEA-BBF1-4E10-9AAB-EF253FB2D885}.Release|Any CPU.Build.0 = Release|Any CPU
		{51D16771-8A66-4647-BB0A-539B64050C2E}.Debug|Any CPU.ActiveCfg = Debug|Any CPU
		{51D16771-8A66-4647-BB0A-539B64050C2E}.Debug|Any CPU.Build.0 = Debug|Any CPU
		{51D16771-8A66-4647-BB0A-539B64050C2E}.Release|Any CPU.ActiveCfg = Release|Any CPU
		{51D16771-8A66-4647-BB0A-539B64050C2E}.Release|Any CPU.Build.0 = Release|Any CPU
		{AEFA33F4-C688-4E12-B9D7-04FE100E5CF3}.Debug|Any CPU.ActiveCfg = Debug|Any CPU
		{AEFA33F4-C688-4E12-B9D7-04FE100E5CF3}.Debug|Any CPU.Build.0 = Debug|Any CPU
		{AEFA33F4-C688-4E12-B9D7-04FE100E5CF3}.Release|Any CPU.ActiveCfg = Release|Any CPU
		{AEFA33F4-C688-4E12-B9D7-04FE100E5CF3}.Release|Any CPU.Build.0 = Release|Any CPU
	EndGlobalSection
	GlobalSection(SolutionProperties) = preSolution
		HideSolutionNode = FALSE
	EndGlobalSection
	GlobalSection(ExtensibilityGlobals) = postSolution
		SolutionGuid = {76F1837C-5EF7-4270-B808-4CF79BCCE864}
	EndGlobalSection
EndGlobal
